// !$*UTF8*$!
{
	archiveVersion = 1;
	classes = {
	};
	objectVersion = 56;
	objects = {

/* Begin PBXBuildFile section */
		612916812B2C974500726DA7 /* LocalBirdsApp.swift in Sources */ = {isa = PBXBuildFile; fileRef = 612916802B2C974500726DA7 /* LocalBirdsApp.swift */; };
		612916852B2C974600726DA7 /* Assets.xcassets in Resources */ = {isa = PBXBuildFile; fileRef = 612916842B2C974600726DA7 /* Assets.xcassets */; };
		612916882B2C974600726DA7 /* Preview Assets.xcassets in Resources */ = {isa = PBXBuildFile; fileRef = 612916872B2C974600726DA7 /* Preview Assets.xcassets */; };
		612916902B2C983400726DA7 /* Symbols.swift in Sources */ = {isa = PBXBuildFile; fileRef = 6129168F2B2C983400726DA7 /* Symbols.swift */; };
		612916922B2C9A9000726DA7 /* Theme.swift in Sources */ = {isa = PBXBuildFile; fileRef = 612916912B2C9A9000726DA7 /* Theme.swift */; };
		612916A62B2D5DAF00726DA7 /* BirdsStaticData.json in Resources */ = {isa = PBXBuildFile; fileRef = 612916A52B2D5DAF00726DA7 /* BirdsStaticData.json */; };
		612916A82B2D5E8D00726DA7 /* SingleBirdData.json in Resources */ = {isa = PBXBuildFile; fileRef = 612916A72B2D5E8D00726DA7 /* SingleBirdData.json */; };
		612916AA2B2D65BF00726DA7 /* SingleBirdResponse.swift in Sources */ = {isa = PBXBuildFile; fileRef = 612916A92B2D65BF00726DA7 /* SingleBirdResponse.swift */; };
		612916AE2B2D6A0A00726DA7 /* StaticJSONMapper.swift in Sources */ = {isa = PBXBuildFile; fileRef = 612916AD2B2D6A0A00726DA7 /* StaticJSONMapper.swift */; };
		612916B02B2D6EB100726DA7 /* AllBirdsResponse.swift in Sources */ = {isa = PBXBuildFile; fileRef = 612916AF2B2D6EB100726DA7 /* AllBirdsResponse.swift */; };
		612916B22B2D725300726DA7 /* BirdsView.swift in Sources */ = {isa = PBXBuildFile; fileRef = 612916B12B2D725300726DA7 /* BirdsView.swift */; };
		612916B42B2D7F3200726DA7 /* BirdCardView.swift in Sources */ = {isa = PBXBuildFile; fileRef = 612916B32B2D7F3200726DA7 /* BirdCardView.swift */; };
		612916B72B2D80C700726DA7 /* PillView.swift in Sources */ = {isa = PBXBuildFile; fileRef = 612916B62B2D80C700726DA7 /* PillView.swift */; };
		612916B92B2D892E00726DA7 /* DetailView.swift in Sources */ = {isa = PBXBuildFile; fileRef = 612916B82B2D892E00726DA7 /* DetailView.swift */; };
		612916BF2B2DE7D500726DA7 /* ChecklistView.swift in Sources */ = {isa = PBXBuildFile; fileRef = 612916BE2B2DE7D500726DA7 /* ChecklistView.swift */; };
		612916C92B2E871C00726DA7 /* AllChecklistsResponse.swift in Sources */ = {isa = PBXBuildFile; fileRef = 612916C82B2E871C00726DA7 /* AllChecklistsResponse.swift */; };
		612916CB2B2E882900726DA7 /* BackgroundView.swift in Sources */ = {isa = PBXBuildFile; fileRef = 612916CA2B2E882900726DA7 /* BackgroundView.swift */; };
		612916CD2B2E8BEA00726DA7 /* ChecklistsData.json in Resources */ = {isa = PBXBuildFile; fileRef = 612916CC2B2E8BEA00726DA7 /* ChecklistsData.json */; };
		612916CF2B2E8DFB00726DA7 /* SightingsResponse.swift in Sources */ = {isa = PBXBuildFile; fileRef = 612916CE2B2E8DFB00726DA7 /* SightingsResponse.swift */; };
		612916D12B2E8E2D00726DA7 /* SightingsView.swift in Sources */ = {isa = PBXBuildFile; fileRef = 612916D02B2E8E2D00726DA7 /* SightingsView.swift */; };
		612916D32B2E8E7400726DA7 /* SettingsView.swift in Sources */ = {isa = PBXBuildFile; fileRef = 612916D22B2E8E7400726DA7 /* SettingsView.swift */; };
		612916D52B2E906900726DA7 /* SightingsData.json in Resources */ = {isa = PBXBuildFile; fileRef = 612916D42B2E906900726DA7 /* SightingsData.json */; };
		612916D72B2EC42E00726DA7 /* ChecklistItemView.swift in Sources */ = {isa = PBXBuildFile; fileRef = 612916D62B2EC42E00726DA7 /* ChecklistItemView.swift */; };
		612916D92B2F358700726DA7 /* SightingsItemView.swift in Sources */ = {isa = PBXBuildFile; fileRef = 612916D82B2F358700726DA7 /* SightingsItemView.swift */; };
		612916DB2B2F3A4F00726DA7 /* CreateChecklistView.swift in Sources */ = {isa = PBXBuildFile; fileRef = 612916DA2B2F3A4F00726DA7 /* CreateChecklistView.swift */; };
		612916DD2B2FC86300726DA7 /* CreateSightingView.swift in Sources */ = {isa = PBXBuildFile; fileRef = 612916DC2B2FC86300726DA7 /* CreateSightingView.swift */; };
		612916E02B2FCDD100726DA7 /* APINetworkingManager.swift in Sources */ = {isa = PBXBuildFile; fileRef = 612916DF2B2FCDD100726DA7 /* APINetworkingManager.swift */; };
		612916E22B2FE11200726DA7 /* PrivateConstants.swift in Sources */ = {isa = PBXBuildFile; fileRef = 612916E12B2FE11200726DA7 /* PrivateConstants.swift */; };
		612916E42B2FEC4200726DA7 /* BirdsViewModel.swift in Sources */ = {isa = PBXBuildFile; fileRef = 612916E32B2FEC4200726DA7 /* BirdsViewModel.swift */; };
		612916E62B2FF23C00726DA7 /* DetailsViewModel.swift in Sources */ = {isa = PBXBuildFile; fileRef = 612916E52B2FF23C00726DA7 /* DetailsViewModel.swift */; };
		612916E82B300D0900726DA7 /* ChecklistsViewModel.swift in Sources */ = {isa = PBXBuildFile; fileRef = 612916E72B300D0900726DA7 /* ChecklistsViewModel.swift */; };
		612916EA2B300EEE00726DA7 /* SightingsViewModel.swift in Sources */ = {isa = PBXBuildFile; fileRef = 612916E92B300EEE00726DA7 /* SightingsViewModel.swift */; };
/* End PBXBuildFile section */

/* Begin PBXFileReference section */
		6129167D2B2C974500726DA7 /* LocalBirds.app */ = {isa = PBXFileReference; explicitFileType = wrapper.application; includeInIndex = 0; path = LocalBirds.app; sourceTree = BUILT_PRODUCTS_DIR; };
		612916802B2C974500726DA7 /* LocalBirdsApp.swift */ = {isa = PBXFileReference; lastKnownFileType = sourcecode.swift; path = LocalBirdsApp.swift; sourceTree = "<group>"; };
		612916842B2C974600726DA7 /* Assets.xcassets */ = {isa = PBXFileReference; lastKnownFileType = folder.assetcatalog; path = Assets.xcassets; sourceTree = "<group>"; };
		612916872B2C974600726DA7 /* Preview Assets.xcassets */ = {isa = PBXFileReference; lastKnownFileType = folder.assetcatalog; path = "Preview Assets.xcassets"; sourceTree = "<group>"; };
		6129168F2B2C983400726DA7 /* Symbols.swift */ = {isa = PBXFileReference; lastKnownFileType = sourcecode.swift; path = Symbols.swift; sourceTree = "<group>"; };
		612916912B2C9A9000726DA7 /* Theme.swift */ = {isa = PBXFileReference; lastKnownFileType = sourcecode.swift; path = Theme.swift; sourceTree = "<group>"; };
		612916A32B2CA0CB00726DA7 /* Info.plist */ = {isa = PBXFileReference; lastKnownFileType = text.plist; path = Info.plist; sourceTree = "<group>"; };
		612916A52B2D5DAF00726DA7 /* BirdsStaticData.json */ = {isa = PBXFileReference; lastKnownFileType = text.json; path = BirdsStaticData.json; sourceTree = "<group>"; };
		612916A72B2D5E8D00726DA7 /* SingleBirdData.json */ = {isa = PBXFileReference; lastKnownFileType = text.json; path = SingleBirdData.json; sourceTree = "<group>"; };
		612916A92B2D65BF00726DA7 /* SingleBirdResponse.swift */ = {isa = PBXFileReference; lastKnownFileType = sourcecode.swift; path = SingleBirdResponse.swift; sourceTree = "<group>"; };
		612916AD2B2D6A0A00726DA7 /* StaticJSONMapper.swift */ = {isa = PBXFileReference; lastKnownFileType = sourcecode.swift; path = StaticJSONMapper.swift; sourceTree = "<group>"; };
		612916AF2B2D6EB100726DA7 /* AllBirdsResponse.swift */ = {isa = PBXFileReference; lastKnownFileType = sourcecode.swift; path = AllBirdsResponse.swift; sourceTree = "<group>"; };
		612916B12B2D725300726DA7 /* BirdsView.swift */ = {isa = PBXFileReference; lastKnownFileType = sourcecode.swift; path = BirdsView.swift; sourceTree = "<group>"; };
		612916B32B2D7F3200726DA7 /* BirdCardView.swift */ = {isa = PBXFileReference; lastKnownFileType = sourcecode.swift; path = BirdCardView.swift; sourceTree = "<group>"; };
		612916B62B2D80C700726DA7 /* PillView.swift */ = {isa = PBXFileReference; lastKnownFileType = sourcecode.swift; path = PillView.swift; sourceTree = "<group>"; };
		612916B82B2D892E00726DA7 /* DetailView.swift */ = {isa = PBXFileReference; lastKnownFileType = sourcecode.swift; path = DetailView.swift; sourceTree = "<group>"; };
		612916BE2B2DE7D500726DA7 /* ChecklistView.swift */ = {isa = PBXFileReference; lastKnownFileType = sourcecode.swift; path = ChecklistView.swift; sourceTree = "<group>"; };
		612916C82B2E871C00726DA7 /* AllChecklistsResponse.swift */ = {isa = PBXFileReference; lastKnownFileType = sourcecode.swift; path = AllChecklistsResponse.swift; sourceTree = "<group>"; };
		612916CA2B2E882900726DA7 /* BackgroundView.swift */ = {isa = PBXFileReference; lastKnownFileType = sourcecode.swift; path = BackgroundView.swift; sourceTree = "<group>"; };
		612916CC2B2E8BEA00726DA7 /* ChecklistsData.json */ = {isa = PBXFileReference; lastKnownFileType = text.json; path = ChecklistsData.json; sourceTree = "<group>"; };
		612916CE2B2E8DFB00726DA7 /* SightingsResponse.swift */ = {isa = PBXFileReference; lastKnownFileType = sourcecode.swift; path = SightingsResponse.swift; sourceTree = "<group>"; };
		612916D02B2E8E2D00726DA7 /* SightingsView.swift */ = {isa = PBXFileReference; lastKnownFileType = sourcecode.swift; path = SightingsView.swift; sourceTree = "<group>"; };
		612916D22B2E8E7400726DA7 /* SettingsView.swift */ = {isa = PBXFileReference; lastKnownFileType = sourcecode.swift; path = SettingsView.swift; sourceTree = "<group>"; };
		612916D42B2E906900726DA7 /* SightingsData.json */ = {isa = PBXFileReference; lastKnownFileType = text.json; path = SightingsData.json; sourceTree = "<group>"; };
		612916D62B2EC42E00726DA7 /* ChecklistItemView.swift */ = {isa = PBXFileReference; lastKnownFileType = sourcecode.swift; path = ChecklistItemView.swift; sourceTree = "<group>"; };
		612916D82B2F358700726DA7 /* SightingsItemView.swift */ = {isa = PBXFileReference; lastKnownFileType = sourcecode.swift; path = SightingsItemView.swift; sourceTree = "<group>"; };
		612916DA2B2F3A4F00726DA7 /* CreateChecklistView.swift */ = {isa = PBXFileReference; lastKnownFileType = sourcecode.swift; path = CreateChecklistView.swift; sourceTree = "<group>"; };
		612916DC2B2FC86300726DA7 /* CreateSightingView.swift */ = {isa = PBXFileReference; lastKnownFileType = sourcecode.swift; path = CreateSightingView.swift; sourceTree = "<group>"; };
		612916DF2B2FCDD100726DA7 /* APINetworkingManager.swift */ = {isa = PBXFileReference; lastKnownFileType = sourcecode.swift; path = APINetworkingManager.swift; sourceTree = "<group>"; };
		612916E12B2FE11200726DA7 /* PrivateConstants.swift */ = {isa = PBXFileReference; lastKnownFileType = sourcecode.swift; path = PrivateConstants.swift; sourceTree = "<group>"; };
		612916E32B2FEC4200726DA7 /* BirdsViewModel.swift */ = {isa = PBXFileReference; lastKnownFileType = sourcecode.swift; path = BirdsViewModel.swift; sourceTree = "<group>"; };
		612916E52B2FF23C00726DA7 /* DetailsViewModel.swift */ = {isa = PBXFileReference; lastKnownFileType = sourcecode.swift; path = DetailsViewModel.swift; sourceTree = "<group>"; };
		612916E72B300D0900726DA7 /* ChecklistsViewModel.swift */ = {isa = PBXFileReference; lastKnownFileType = sourcecode.swift; path = ChecklistsViewModel.swift; sourceTree = "<group>"; };
		612916E92B300EEE00726DA7 /* SightingsViewModel.swift */ = {isa = PBXFileReference; lastKnownFileType = sourcecode.swift; path = SightingsViewModel.swift; sourceTree = "<group>"; };
/* End PBXFileReference section */

/* Begin PBXFrameworksBuildPhase section */
		6129167A2B2C974500726DA7 /* Frameworks */ = {
			isa = PBXFrameworksBuildPhase;
			buildActionMask = 2147483647;
			files = (
			);
			runOnlyForDeploymentPostprocessing = 0;
		};
/* End PBXFrameworksBuildPhase section */

/* Begin PBXGroup section */
		612916742B2C974500726DA7 = {
			isa = PBXGroup;
			children = (
				6129167F2B2C974500726DA7 /* LocalBirds */,
				6129167E2B2C974500726DA7 /* Products */,
			);
			sourceTree = "<group>";
		};
		6129167E2B2C974500726DA7 /* Products */ = {
			isa = PBXGroup;
			children = (
				6129167D2B2C974500726DA7 /* LocalBirds.app */,
			);
			name = Products;
			sourceTree = "<group>";
		};
		6129167F2B2C974500726DA7 /* LocalBirds */ = {
			isa = PBXGroup;
			children = (
				612916A32B2CA0CB00726DA7 /* Info.plist */,
				612916942B2C9C5F00726DA7 /* Features */,
				612916932B2C9C5600726DA7 /* Base */,
				6129168E2B2C97BD00726DA7 /* Resources */,
				612916802B2C974500726DA7 /* LocalBirdsApp.swift */,
				612916842B2C974600726DA7 /* Assets.xcassets */,
				612916862B2C974600726DA7 /* Preview Content */,
			);
			path = LocalBirds;
			sourceTree = "<group>";
		};
		612916862B2C974600726DA7 /* Preview Content */ = {
			isa = PBXGroup;
			children = (
				612916872B2C974600726DA7 /* Preview Assets.xcassets */,
			);
			path = "Preview Content";
			sourceTree = "<group>";
		};
		6129168E2B2C97BD00726DA7 /* Resources */ = {
			isa = PBXGroup;
			children = (
				612916A42B2D5D6400726DA7 /* JSON */,
				6129168F2B2C983400726DA7 /* Symbols.swift */,
				612916912B2C9A9000726DA7 /* Theme.swift */,
				612916E12B2FE11200726DA7 /* PrivateConstants.swift */,
			);
			path = Resources;
			sourceTree = "<group>";
		};
		612916932B2C9C5600726DA7 /* Base */ = {
			isa = PBXGroup;
			children = (
				612916DE2B2FCDA200726DA7 /* API */,
				612916B52B2D80B600726DA7 /* Views */,
				612916AC2B2D69EF00726DA7 /* Mapper */,
				612916AB2B2D69E200726DA7 /* Models */,
			);
			path = Base;
			sourceTree = "<group>";
		};
		612916942B2C9C5F00726DA7 /* Features */ = {
			isa = PBXGroup;
			children = (
				612916C42B2E85F800726DA7 /* Create Sighting */,
				612916C02B2E85A700726DA7 /* Create Checklist */,
				612916BA2B2DE76100726DA7 /* Sightings */,
				612916982B2C9C9900726DA7 /* Settings */,
				612916972B2C9C8B00726DA7 /* Detail */,
				612916962B2C9C7F00726DA7 /* Checklists */,
				612916952B2C9C6E00726DA7 /* Birds */,
			);
			path = Features;
			sourceTree = "<group>";
		};
		612916952B2C9C6E00726DA7 /* Birds */ = {
			isa = PBXGroup;
			children = (
				6129169B2B2C9CD700726DA7 /* View Models */,
				6129169A2B2C9CCE00726DA7 /* Models */,
				612916992B2C9CA900726DA7 /* Views */,
			);
			path = Birds;
			sourceTree = "<group>";
		};
		612916962B2C9C7F00726DA7 /* Checklists */ = {
			isa = PBXGroup;
			children = (
				6129169E2B2C9CF700726DA7 /* View Models */,
				6129169D2B2C9CEE00726DA7 /* Models */,
				6129169C2B2C9CE200726DA7 /* Views */,
			);
			path = Checklists;
			sourceTree = "<group>";
		};
		612916972B2C9C8B00726DA7 /* Detail */ = {
			isa = PBXGroup;
			children = (
				612916A12B2C9D1400726DA7 /* View Models */,
				612916A02B2C9D0B00726DA7 /* Models */,
				6129169F2B2C9D0300726DA7 /* Views */,
			);
			path = Detail;
			sourceTree = "<group>";
		};
		612916982B2C9C9900726DA7 /* Settings */ = {
			isa = PBXGroup;
			children = (
				612916A22B2C9D2000726DA7 /* Views */,
			);
			path = Settings;
			sourceTree = "<group>";
		};
		612916992B2C9CA900726DA7 /* Views */ = {
			isa = PBXGroup;
			children = (
				612916B12B2D725300726DA7 /* BirdsView.swift */,
				612916B32B2D7F3200726DA7 /* BirdCardView.swift */,
			);
			path = Views;
			sourceTree = "<group>";
		};
		6129169A2B2C9CCE00726DA7 /* Models */ = {
			isa = PBXGroup;
			children = (
				612916AF2B2D6EB100726DA7 /* AllBirdsResponse.swift */,
			);
			path = Models;
			sourceTree = "<group>";
		};
		6129169B2B2C9CD700726DA7 /* View Models */ = {
			isa = PBXGroup;
			children = (
				612916E32B2FEC4200726DA7 /* BirdsViewModel.swift */,
			);
			path = "View Models";
			sourceTree = "<group>";
		};
		6129169C2B2C9CE200726DA7 /* Views */ = {
			isa = PBXGroup;
			children = (
				612916BE2B2DE7D500726DA7 /* ChecklistView.swift */,
				612916D62B2EC42E00726DA7 /* ChecklistItemView.swift */,
			);
			path = Views;
			sourceTree = "<group>";
		};
		6129169D2B2C9CEE00726DA7 /* Models */ = {
			isa = PBXGroup;
			children = (
				612916C82B2E871C00726DA7 /* AllChecklistsResponse.swift */,
			);
			path = Models;
			sourceTree = "<group>";
		};
		6129169E2B2C9CF700726DA7 /* View Models */ = {
			isa = PBXGroup;
			children = (
				612916E72B300D0900726DA7 /* ChecklistsViewModel.swift */,
			);
			path = "View Models";
			sourceTree = "<group>";
		};
		6129169F2B2C9D0300726DA7 /* Views */ = {
			isa = PBXGroup;
			children = (
				612916B82B2D892E00726DA7 /* DetailView.swift */,
			);
			path = Views;
			sourceTree = "<group>";
		};
		612916A02B2C9D0B00726DA7 /* Models */ = {
			isa = PBXGroup;
			children = (
				612916A92B2D65BF00726DA7 /* SingleBirdResponse.swift */,
			);
			path = Models;
			sourceTree = "<group>";
		};
		612916A12B2C9D1400726DA7 /* View Models */ = {
			isa = PBXGroup;
			children = (
				612916E52B2FF23C00726DA7 /* DetailsViewModel.swift */,
			);
			path = "View Models";
			sourceTree = "<group>";
		};
		612916A22B2C9D2000726DA7 /* Views */ = {
			isa = PBXGroup;
			children = (
				612916D22B2E8E7400726DA7 /* SettingsView.swift */,
			);
			path = Views;
			sourceTree = "<group>";
		};
		612916A42B2D5D6400726DA7 /* JSON */ = {
			isa = PBXGroup;
			children = (
				612916A52B2D5DAF00726DA7 /* BirdsStaticData.json */,
				612916A72B2D5E8D00726DA7 /* SingleBirdData.json */,
				612916CC2B2E8BEA00726DA7 /* ChecklistsData.json */,
				612916D42B2E906900726DA7 /* SightingsData.json */,
			);
			path = JSON;
			sourceTree = "<group>";
		};
		612916AB2B2D69E200726DA7 /* Models */ = {
			isa = PBXGroup;
			children = (
			);
			path = Models;
			sourceTree = "<group>";
		};
		612916AC2B2D69EF00726DA7 /* Mapper */ = {
			isa = PBXGroup;
			children = (
				612916AD2B2D6A0A00726DA7 /* StaticJSONMapper.swift */,
			);
			path = Mapper;
			sourceTree = "<group>";
		};
		612916B52B2D80B600726DA7 /* Views */ = {
			isa = PBXGroup;
			children = (
				612916B62B2D80C700726DA7 /* PillView.swift */,
				612916CA2B2E882900726DA7 /* BackgroundView.swift */,
			);
			path = Views;
			sourceTree = "<group>";
		};
		612916BA2B2DE76100726DA7 /* Sightings */ = {
			isa = PBXGroup;
			children = (
				612916BD2B2DE79400726DA7 /* View Models */,
				612916BC2B2DE78B00726DA7 /* Models */,
				612916BB2B2DE78000726DA7 /* Views */,
			);
			path = Sightings;
			sourceTree = "<group>";
		};
		612916BB2B2DE78000726DA7 /* Views */ = {
			isa = PBXGroup;
			children = (
				612916D02B2E8E2D00726DA7 /* SightingsView.swift */,
				612916D82B2F358700726DA7 /* SightingsItemView.swift */,
			);
			path = Views;
			sourceTree = "<group>";
		};
		612916BC2B2DE78B00726DA7 /* Models */ = {
			isa = PBXGroup;
			children = (
				612916CE2B2E8DFB00726DA7 /* SightingsResponse.swift */,
			);
			path = Models;
			sourceTree = "<group>";
		};
		612916BD2B2DE79400726DA7 /* View Models */ = {
			isa = PBXGroup;
			children = (
				612916E92B300EEE00726DA7 /* SightingsViewModel.swift */,
			);
			path = "View Models";
			sourceTree = "<group>";
		};
		612916C02B2E85A700726DA7 /* Create Checklist */ = {
			isa = PBXGroup;
			children = (
				612916C32B2E85E900726DA7 /* View Models */,
				612916C22B2E85DF00726DA7 /* Models */,
				612916C12B2E85D200726DA7 /* Views */,
			);
			path = "Create Checklist";
			sourceTree = "<group>";
		};
		612916C12B2E85D200726DA7 /* Views */ = {
			isa = PBXGroup;
			children = (
				612916DA2B2F3A4F00726DA7 /* CreateChecklistView.swift */,
			);
			path = Views;
			sourceTree = "<group>";
		};
		612916C22B2E85DF00726DA7 /* Models */ = {
			isa = PBXGroup;
			children = (
			);
			path = Models;
			sourceTree = "<group>";
		};
		612916C32B2E85E900726DA7 /* View Models */ = {
			isa = PBXGroup;
			children = (
			);
			path = "View Models";
			sourceTree = "<group>";
		};
		612916C42B2E85F800726DA7 /* Create Sighting */ = {
			isa = PBXGroup;
			children = (
				612916C72B2E861900726DA7 /* View Models */,
				612916C62B2E861100726DA7 /* Models */,
				612916C52B2E860900726DA7 /* Views */,
			);
			path = "Create Sighting";
			sourceTree = "<group>";
		};
		612916C52B2E860900726DA7 /* Views */ = {
			isa = PBXGroup;
			children = (
				612916DC2B2FC86300726DA7 /* CreateSightingView.swift */,
			);
			path = Views;
			sourceTree = "<group>";
		};
		612916C62B2E861100726DA7 /* Models */ = {
			isa = PBXGroup;
			children = (
			);
			path = Models;
			sourceTree = "<group>";
		};
		612916C72B2E861900726DA7 /* View Models */ = {
			isa = PBXGroup;
			children = (
			);
			path = "View Models";
			sourceTree = "<group>";
		};
		612916DE2B2FCDA200726DA7 /* API */ = {
			isa = PBXGroup;
			children = (
				612916DF2B2FCDD100726DA7 /* APINetworkingManager.swift */,
			);
			path = API;
			sourceTree = "<group>";
		};
/* End PBXGroup section */

/* Begin PBXNativeTarget section */
		6129167C2B2C974500726DA7 /* LocalBirds */ = {
			isa = PBXNativeTarget;
			buildConfigurationList = 6129168B2B2C974600726DA7 /* Build configuration list for PBXNativeTarget "LocalBirds" */;
			buildPhases = (
				612916792B2C974500726DA7 /* Sources */,
				6129167A2B2C974500726DA7 /* Frameworks */,
				6129167B2B2C974500726DA7 /* Resources */,
			);
			buildRules = (
			);
			dependencies = (
			);
			name = LocalBirds;
			productName = LocalBirds;
			productReference = 6129167D2B2C974500726DA7 /* LocalBirds.app */;
			productType = "com.apple.product-type.application";
		};
/* End PBXNativeTarget section */

/* Begin PBXProject section */
		612916752B2C974500726DA7 /* Project object */ = {
			isa = PBXProject;
			attributes = {
				BuildIndependentTargetsInParallel = 1;
				LastSwiftUpdateCheck = 1510;
				LastUpgradeCheck = 1510;
				TargetAttributes = {
					6129167C2B2C974500726DA7 = {
						CreatedOnToolsVersion = 15.1;
					};
				};
			};
			buildConfigurationList = 612916782B2C974500726DA7 /* Build configuration list for PBXProject "LocalBirds" */;
			compatibilityVersion = "Xcode 14.0";
			developmentRegion = en;
			hasScannedForEncodings = 0;
			knownRegions = (
				en,
				Base,
			);
			mainGroup = 612916742B2C974500726DA7;
			productRefGroup = 6129167E2B2C974500726DA7 /* Products */;
			projectDirPath = "";
			projectRoot = "";
			targets = (
				6129167C2B2C974500726DA7 /* LocalBirds */,
			);
		};
/* End PBXProject section */

/* Begin PBXResourcesBuildPhase section */
		6129167B2B2C974500726DA7 /* Resources */ = {
			isa = PBXResourcesBuildPhase;
			buildActionMask = 2147483647;
			files = (
				612916D52B2E906900726DA7 /* SightingsData.json in Resources */,
				612916A82B2D5E8D00726DA7 /* SingleBirdData.json in Resources */,
				612916882B2C974600726DA7 /* Preview Assets.xcassets in Resources */,
				612916A62B2D5DAF00726DA7 /* BirdsStaticData.json in Resources */,
				612916852B2C974600726DA7 /* Assets.xcassets in Resources */,
				612916CD2B2E8BEA00726DA7 /* ChecklistsData.json in Resources */,
			);
			runOnlyForDeploymentPostprocessing = 0;
		};
/* End PBXResourcesBuildPhase section */

/* Begin PBXSourcesBuildPhase section */
		612916792B2C974500726DA7 /* Sources */ = {
			isa = PBXSourcesBuildPhase;
			buildActionMask = 2147483647;
			files = (
				612916902B2C983400726DA7 /* Symbols.swift in Sources */,
				612916EA2B300EEE00726DA7 /* SightingsViewModel.swift in Sources */,
				612916E22B2FE11200726DA7 /* PrivateConstants.swift in Sources */,
				612916B22B2D725300726DA7 /* BirdsView.swift in Sources */,
				612916CB2B2E882900726DA7 /* BackgroundView.swift in Sources */,
				612916B02B2D6EB100726DA7 /* AllBirdsResponse.swift in Sources */,
				612916DB2B2F3A4F00726DA7 /* CreateChecklistView.swift in Sources */,
				612916D12B2E8E2D00726DA7 /* SightingsView.swift in Sources */,
				612916E02B2FCDD100726DA7 /* APINetworkingManager.swift in Sources */,
				612916E82B300D0900726DA7 /* ChecklistsViewModel.swift in Sources */,
				612916D72B2EC42E00726DA7 /* ChecklistItemView.swift in Sources */,
				612916DD2B2FC86300726DA7 /* CreateSightingView.swift in Sources */,
				612916B92B2D892E00726DA7 /* DetailView.swift in Sources */,
				612916E62B2FF23C00726DA7 /* DetailsViewModel.swift in Sources */,
				612916B42B2D7F3200726DA7 /* BirdCardView.swift in Sources */,
				612916BF2B2DE7D500726DA7 /* ChecklistView.swift in Sources */,
				612916B72B2D80C700726DA7 /* PillView.swift in Sources */,
				612916D92B2F358700726DA7 /* SightingsItemView.swift in Sources */,
				612916E42B2FEC4200726DA7 /* BirdsViewModel.swift in Sources */,
				612916D32B2E8E7400726DA7 /* SettingsView.swift in Sources */,
				612916AA2B2D65BF00726DA7 /* SingleBirdResponse.swift in Sources */,
				612916AE2B2D6A0A00726DA7 /* StaticJSONMapper.swift in Sources */,
				612916922B2C9A9000726DA7 /* Theme.swift in Sources */,
				612916CF2B2E8DFB00726DA7 /* SightingsResponse.swift in Sources */,
				612916812B2C974500726DA7 /* LocalBirdsApp.swift in Sources */,
				612916C92B2E871C00726DA7 /* AllChecklistsResponse.swift in Sources */,
			);
			runOnlyForDeploymentPostprocessing = 0;
		};
/* End PBXSourcesBuildPhase section */

/* Begin XCBuildConfiguration section */
		612916892B2C974600726DA7 /* Debug */ = {
			isa = XCBuildConfiguration;
			buildSettings = {
				ALWAYS_SEARCH_USER_PATHS = NO;
				ASSETCATALOG_COMPILER_GENERATE_SWIFT_ASSET_SYMBOL_EXTENSIONS = YES;
				CLANG_ANALYZER_NONNULL = YES;
				CLANG_ANALYZER_NUMBER_OBJECT_CONVERSION = YES_AGGRESSIVE;
				CLANG_CXX_LANGUAGE_STANDARD = "gnu++20";
				CLANG_ENABLE_MODULES = YES;
				CLANG_ENABLE_OBJC_ARC = YES;
				CLANG_ENABLE_OBJC_WEAK = YES;
				CLANG_WARN_BLOCK_CAPTURE_AUTORELEASING = YES;
				CLANG_WARN_BOOL_CONVERSION = YES;
				CLANG_WARN_COMMA = YES;
				CLANG_WARN_CONSTANT_CONVERSION = YES;
				CLANG_WARN_DEPRECATED_OBJC_IMPLEMENTATIONS = YES;
				CLANG_WARN_DIRECT_OBJC_ISA_USAGE = YES_ERROR;
				CLANG_WARN_DOCUMENTATION_COMMENTS = YES;
				CLANG_WARN_EMPTY_BODY = YES;
				CLANG_WARN_ENUM_CONVERSION = YES;
				CLANG_WARN_INFINITE_RECURSION = YES;
				CLANG_WARN_INT_CONVERSION = YES;
				CLANG_WARN_NON_LITERAL_NULL_CONVERSION = YES;
				CLANG_WARN_OBJC_IMPLICIT_RETAIN_SELF = YES;
				CLANG_WARN_OBJC_LITERAL_CONVERSION = YES;
				CLANG_WARN_OBJC_ROOT_CLASS = YES_ERROR;
				CLANG_WARN_QUOTED_INCLUDE_IN_FRAMEWORK_HEADER = YES;
				CLANG_WARN_RANGE_LOOP_ANALYSIS = YES;
				CLANG_WARN_STRICT_PROTOTYPES = YES;
				CLANG_WARN_SUSPICIOUS_MOVE = YES;
				CLANG_WARN_UNGUARDED_AVAILABILITY = YES_AGGRESSIVE;
				CLANG_WARN_UNREACHABLE_CODE = YES;
				CLANG_WARN__DUPLICATE_METHOD_MATCH = YES;
				COPY_PHASE_STRIP = NO;
				DEBUG_INFORMATION_FORMAT = dwarf;
				ENABLE_STRICT_OBJC_MSGSEND = YES;
				ENABLE_TESTABILITY = YES;
				ENABLE_USER_SCRIPT_SANDBOXING = YES;
				GCC_C_LANGUAGE_STANDARD = gnu17;
				GCC_DYNAMIC_NO_PIC = NO;
				GCC_NO_COMMON_BLOCKS = YES;
				GCC_OPTIMIZATION_LEVEL = 0;
				GCC_PREPROCESSOR_DEFINITIONS = (
					"DEBUG=1",
					"$(inherited)",
				);
				GCC_WARN_64_TO_32_BIT_CONVERSION = YES;
				GCC_WARN_ABOUT_RETURN_TYPE = YES_ERROR;
				GCC_WARN_UNDECLARED_SELECTOR = YES;
				GCC_WARN_UNINITIALIZED_AUTOS = YES_AGGRESSIVE;
				GCC_WARN_UNUSED_FUNCTION = YES;
				GCC_WARN_UNUSED_VARIABLE = YES;
				IPHONEOS_DEPLOYMENT_TARGET = 17.2;
				LOCALIZATION_PREFERS_STRING_CATALOGS = YES;
				MTL_ENABLE_DEBUG_INFO = INCLUDE_SOURCE;
				MTL_FAST_MATH = YES;
				ONLY_ACTIVE_ARCH = YES;
				SDKROOT = iphoneos;
				SWIFT_ACTIVE_COMPILATION_CONDITIONS = "DEBUG $(inherited)";
				SWIFT_OPTIMIZATION_LEVEL = "-Onone";
			};
			name = Debug;
		};
		6129168A2B2C974600726DA7 /* Release */ = {
			isa = XCBuildConfiguration;
			buildSettings = {
				ALWAYS_SEARCH_USER_PATHS = NO;
				ASSETCATALOG_COMPILER_GENERATE_SWIFT_ASSET_SYMBOL_EXTENSIONS = YES;
				CLANG_ANALYZER_NONNULL = YES;
				CLANG_ANALYZER_NUMBER_OBJECT_CONVERSION = YES_AGGRESSIVE;
				CLANG_CXX_LANGUAGE_STANDARD = "gnu++20";
				CLANG_ENABLE_MODULES = YES;
				CLANG_ENABLE_OBJC_ARC = YES;
				CLANG_ENABLE_OBJC_WEAK = YES;
				CLANG_WARN_BLOCK_CAPTURE_AUTORELEASING = YES;
				CLANG_WARN_BOOL_CONVERSION = YES;
				CLANG_WARN_COMMA = YES;
				CLANG_WARN_CONSTANT_CONVERSION = YES;
				CLANG_WARN_DEPRECATED_OBJC_IMPLEMENTATIONS = YES;
				CLANG_WARN_DIRECT_OBJC_ISA_USAGE = YES_ERROR;
				CLANG_WARN_DOCUMENTATION_COMMENTS = YES;
				CLANG_WARN_EMPTY_BODY = YES;
				CLANG_WARN_ENUM_CONVERSION = YES;
				CLANG_WARN_INFINITE_RECURSION = YES;
				CLANG_WARN_INT_CONVERSION = YES;
				CLANG_WARN_NON_LITERAL_NULL_CONVERSION = YES;
				CLANG_WARN_OBJC_IMPLICIT_RETAIN_SELF = YES;
				CLANG_WARN_OBJC_LITERAL_CONVERSION = YES;
				CLANG_WARN_OBJC_ROOT_CLASS = YES_ERROR;
				CLANG_WARN_QUOTED_INCLUDE_IN_FRAMEWORK_HEADER = YES;
				CLANG_WARN_RANGE_LOOP_ANALYSIS = YES;
				CLANG_WARN_STRICT_PROTOTYPES = YES;
				CLANG_WARN_SUSPICIOUS_MOVE = YES;
				CLANG_WARN_UNGUARDED_AVAILABILITY = YES_AGGRESSIVE;
				CLANG_WARN_UNREACHABLE_CODE = YES;
				CLANG_WARN__DUPLICATE_METHOD_MATCH = YES;
				COPY_PHASE_STRIP = NO;
				DEBUG_INFORMATION_FORMAT = "dwarf-with-dsym";
				ENABLE_NS_ASSERTIONS = NO;
				ENABLE_STRICT_OBJC_MSGSEND = YES;
				ENABLE_USER_SCRIPT_SANDBOXING = YES;
				GCC_C_LANGUAGE_STANDARD = gnu17;
				GCC_NO_COMMON_BLOCKS = YES;
				GCC_WARN_64_TO_32_BIT_CONVERSION = YES;
				GCC_WARN_ABOUT_RETURN_TYPE = YES_ERROR;
				GCC_WARN_UNDECLARED_SELECTOR = YES;
				GCC_WARN_UNINITIALIZED_AUTOS = YES_AGGRESSIVE;
				GCC_WARN_UNUSED_FUNCTION = YES;
				GCC_WARN_UNUSED_VARIABLE = YES;
				IPHONEOS_DEPLOYMENT_TARGET = 17.2;
				LOCALIZATION_PREFERS_STRING_CATALOGS = YES;
				MTL_ENABLE_DEBUG_INFO = NO;
				MTL_FAST_MATH = YES;
				SDKROOT = iphoneos;
				SWIFT_COMPILATION_MODE = wholemodule;
				VALIDATE_PRODUCT = YES;
			};
			name = Release;
		};
		6129168C2B2C974600726DA7 /* Debug */ = {
			isa = XCBuildConfiguration;
			buildSettings = {
				ASSETCATALOG_COMPILER_APPICON_NAME = AppIcon;
				ASSETCATALOG_COMPILER_GLOBAL_ACCENT_COLOR_NAME = AccentColor;
				CODE_SIGN_STYLE = Automatic;
				CURRENT_PROJECT_VERSION = 1;
				DEVELOPMENT_ASSET_PATHS = "\"LocalBirds/Preview Content\"";
				DEVELOPMENT_TEAM = C256H3ZXQ8;
				ENABLE_PREVIEWS = YES;
				GENERATE_INFOPLIST_FILE = YES;
				INFOPLIST_FILE = LocalBirds/Info.plist;
				INFOPLIST_KEY_UIApplicationSceneManifest_Generation = YES;
				INFOPLIST_KEY_UIApplicationSupportsIndirectInputEvents = YES;
				INFOPLIST_KEY_UISupportedInterfaceOrientations_iPad = "UIInterfaceOrientationPortrait UIInterfaceOrientationPortraitUpsideDown UIInterfaceOrientationLandscapeLeft UIInterfaceOrientationLandscapeRight";
				INFOPLIST_KEY_UISupportedInterfaceOrientations_iPhone = "UIInterfaceOrientationPortrait UIInterfaceOrientationLandscapeLeft UIInterfaceOrientationLandscapeRight";
				IPHONEOS_DEPLOYMENT_TARGET = 16.0;
				LD_RUNPATH_SEARCH_PATHS = (
					"$(inherited)",
					"@executable_path/Frameworks",
				);
				MARKETING_VERSION = 1.0;
				PRODUCT_BUNDLE_IDENTIFIER = com.illtech.LocalBirds;
				PRODUCT_NAME = "$(TARGET_NAME)";
				SWIFT_EMIT_LOC_STRINGS = YES;
				SWIFT_VERSION = 5.0;
				TARGETED_DEVICE_FAMILY = "1,2";
			};
			name = Debug;
		};
		6129168D2B2C974600726DA7 /* Release */ = {
			isa = XCBuildConfiguration;
			buildSettings = {
				ASSETCATALOG_COMPILER_APPICON_NAME = AppIcon;
				ASSETCATALOG_COMPILER_GLOBAL_ACCENT_COLOR_NAME = AccentColor;
				CODE_SIGN_STYLE = Automatic;
				CURRENT_PROJECT_VERSION = 1;
				DEVELOPMENT_ASSET_PATHS = "\"LocalBirds/Preview Content\"";
				DEVELOPMENT_TEAM = C256H3ZXQ8;
				ENABLE_PREVIEWS = YES;
				GENERATE_INFOPLIST_FILE = YES;
				INFOPLIST_FILE = LocalBirds/Info.plist;
				INFOPLIST_KEY_UIApplicationSceneManifest_Generation = YES;
				INFOPLIST_KEY_UIApplicationSupportsIndirectInputEvents = YES;
				INFOPLIST_KEY_UISupportedInterfaceOrientations_iPad = "UIInterfaceOrientationPortrait UIInterfaceOrientationPortraitUpsideDown UIInterfaceOrientationLandscapeLeft UIInterfaceOrientationLandscapeRight";
				INFOPLIST_KEY_UISupportedInterfaceOrientations_iPhone = "UIInterfaceOrientationPortrait UIInterfaceOrientationLandscapeLeft UIInterfaceOrientationLandscapeRight";
				IPHONEOS_DEPLOYMENT_TARGET = 16.0;
				LD_RUNPATH_SEARCH_PATHS = (
					"$(inherited)",
					"@executable_path/Frameworks",
				);
				MARKETING_VERSION = 1.0;
				PRODUCT_BUNDLE_IDENTIFIER = com.illtech.LocalBirds;
				PRODUCT_NAME = "$(TARGET_NAME)";
				SWIFT_EMIT_LOC_STRINGS = YES;
				SWIFT_VERSION = 5.0;
				TARGETED_DEVICE_FAMILY = "1,2";
			};
			name = Release;
		};
/* End XCBuildConfiguration section */

/* Begin XCConfigurationList section */
		612916782B2C974500726DA7 /* Build configuration list for PBXProject "LocalBirds" */ = {
			isa = XCConfigurationList;
			buildConfigurations = (
				612916892B2C974600726DA7 /* Debug */,
				6129168A2B2C974600726DA7 /* Release */,
			);
			defaultConfigurationIsVisible = 0;
			defaultConfigurationName = Release;
		};
		6129168B2B2C974600726DA7 /* Build configuration list for PBXNativeTarget "LocalBirds" */ = {
			isa = XCConfigurationList;
			buildConfigurations = (
				6129168C2B2C974600726DA7 /* Debug */,
				6129168D2B2C974600726DA7 /* Release */,
			);
			defaultConfigurationIsVisible = 0;
			defaultConfigurationName = Release;
		};
/* End XCConfigurationList section */
	};
	rootObject = 612916752B2C974500726DA7 /* Project object */;
}
